// !$*UTF8*$!
{
	archiveVersion = 1;
	classes = {
	};
	objectVersion = 46;
	objects = {

/* Begin PBXBuildFile section */
		49614FDC1AEF3344006DFCDE /* AppDelegate.swift in Sources */ = {isa = PBXBuildFile; fileRef = 49614FDB1AEF3344006DFCDE /* AppDelegate.swift */; };
		49614FDE1AEF3344006DFCDE /* ViewController.swift in Sources */ = {isa = PBXBuildFile; fileRef = 49614FDD1AEF3344006DFCDE /* ViewController.swift */; };
		49614FE11AEF3344006DFCDE /* Main.storyboard in Resources */ = {isa = PBXBuildFile; fileRef = 49614FDF1AEF3344006DFCDE /* Main.storyboard */; };
		49614FE31AEF3344006DFCDE /* Images.xcassets in Resources */ = {isa = PBXBuildFile; fileRef = 49614FE21AEF3344006DFCDE /* Images.xcassets */; };
		49614FE61AEF3344006DFCDE /* LaunchScreen.xib in Resources */ = {isa = PBXBuildFile; fileRef = 49614FE41AEF3344006DFCDE /* LaunchScreen.xib */; };
		49614FF21AEF3344006DFCDE /* jsonProjectTests.swift in Sources */ = {isa = PBXBuildFile; fileRef = 49614FF11AEF3344006DFCDE /* jsonProjectTests.swift */; };
		49614FFC1AEF41A8006DFCDE /* ist_logo.png in Resources */ = {isa = PBXBuildFile; fileRef = 49614FFB1AEF41A8006DFCDE /* ist_logo.png */; };
/* End PBXBuildFile section */

/* Begin PBXContainerItemProxy section */
		49614FEC1AEF3344006DFCDE /* PBXContainerItemProxy */ = {
			isa = PBXContainerItemProxy;
			containerPortal = 49614FCE1AEF3344006DFCDE /* Project object */;
			proxyType = 1;
			remoteGlobalIDString = 49614FD51AEF3344006DFCDE;
			remoteInfo = jsonProject;
		};
/* End PBXContainerItemProxy section */

/* Begin PBXFileReference section */
		49614FD61AEF3344006DFCDE /* jsonProject.app */ = {isa = PBXFileReference; explicitFileType = wrapper.application; includeInIndex = 0; path = jsonProject.app; sourceTree = BUILT_PRODUCTS_DIR; };
		49614FDA1AEF3344006DFCDE /* Info.plist */ = {isa = PBXFileReference; lastKnownFileType = text.plist.xml; path = Info.plist; sourceTree = "<group>"; };
		49614FDB1AEF3344006DFCDE /* AppDelegate.swift */ = {isa = PBXFileReference; lastKnownFileType = sourcecode.swift; path = AppDelegate.swift; sourceTree = "<group>"; };
		49614FDD1AEF3344006DFCDE /* ViewController.swift */ = {isa = PBXFileReference; lastKnownFileType = sourcecode.swift; path = ViewController.swift; sourceTree = "<group>"; };
		49614FE01AEF3344006DFCDE /* Base */ = {isa = PBXFileReference; lastKnownFileType = file.storyboard; name = Base; path = Base.lproj/Main.storyboard; sourceTree = "<group>"; };
		49614FE21AEF3344006DFCDE /* Images.xcassets */ = {isa = PBXFileReference; lastKnownFileType = folder.assetcatalog; path = Images.xcassets; sourceTree = "<group>"; };
		49614FE51AEF3344006DFCDE /* Base */ = {isa = PBXFileReference; lastKnownFileType = file.xib; name = Base; path = Base.lproj/LaunchScreen.xib; sourceTree = "<group>"; };
		49614FEB1AEF3344006DFCDE /* jsonProjectTests.xctest */ = {isa = PBXFileReference; explicitFileType = wrapper.cfbundle; includeInIndex = 0; path = jsonProjectTests.xctest; sourceTree = BUILT_PRODUCTS_DIR; };
		49614FF01AEF3344006DFCDE /* Info.plist */ = {isa = PBXFileReference; lastKnownFileType = text.plist.xml; path = Info.plist; sourceTree = "<group>"; };
		49614FF11AEF3344006DFCDE /* jsonProjectTests.swift */ = {isa = PBXFileReference; lastKnownFileType = sourcecode.swift; path = jsonProjectTests.swift; sourceTree = "<group>"; };
		49614FFB1AEF41A8006DFCDE /* ist_logo.png */ = {isa = PBXFileReference; lastKnownFileType = image.png; path = ist_logo.png; sourceTree = "<group>"; };
/* End PBXFileReference section */

/* Begin PBXFrameworksBuildPhase section */
		49614FD31AEF3344006DFCDE /* Frameworks */ = {
			isa = PBXFrameworksBuildPhase;
			buildActionMask = 2147483647;
			files = (
			);
			runOnlyForDeploymentPostprocessing = 0;
		};
		49614FE81AEF3344006DFCDE /* Frameworks */ = {
			isa = PBXFrameworksBuildPhase;
			buildActionMask = 2147483647;
			files = (
			);
			runOnlyForDeploymentPostprocessing = 0;
		};
/* End PBXFrameworksBuildPhase section */

/* Begin PBXGroup section */
		49614FCD1AEF3344006DFCDE = {
			isa = PBXGroup;
			children = (
				49614FD81AEF3344006DFCDE /* jsonProject */,
				49614FEE1AEF3344006DFCDE /* jsonProjectTests */,
				49614FD71AEF3344006DFCDE /* Products */,
			);
			sourceTree = "<group>";
		};
		49614FD71AEF3344006DFCDE /* Products */ = {
			isa = PBXGroup;
			children = (
				49614FD61AEF3344006DFCDE /* jsonProject.app */,
				49614FEB1AEF3344006DFCDE /* jsonProjectTests.xctest */,
			);
			name = Products;
			sourceTree = "<group>";
		};
		49614FD81AEF3344006DFCDE /* jsonProject */ = {
			isa = PBXGroup;
			children = (
				49614FDB1AEF3344006DFCDE /* AppDelegate.swift */,
				49614FDD1AEF3344006DFCDE /* ViewController.swift */,
				49614FDF1AEF3344006DFCDE /* Main.storyboard */,
				49614FFB1AEF41A8006DFCDE /* ist_logo.png */,
				49614FE21AEF3344006DFCDE /* Images.xcassets */,
				49614FE41AEF3344006DFCDE /* LaunchScreen.xib */,
				49614FD91AEF3344006DFCDE /* Supporting Files */,
			);
			path = jsonProject;
			sourceTree = "<group>";
		};
		49614FD91AEF3344006DFCDE /* Supporting Files */ = {
			isa = PBXGroup;
			children = (
				49614FDA1AEF3344006DFCDE /* Info.plist */,
			);
			name = "Supporting Files";
			sourceTree = "<group>";
		};
		49614FEE1AEF3344006DFCDE /* jsonProjectTests */ = {
			isa = PBXGroup;
			children = (
				49614FF11AEF3344006DFCDE /* jsonProjectTests.swift */,
				49614FEF1AEF3344006DFCDE /* Supporting Files */,
			);
			path = jsonProjectTests;
			sourceTree = "<group>";
		};
		49614FEF1AEF3344006DFCDE /* Supporting Files */ = {
			isa = PBXGroup;
			children = (
				49614FF01AEF3344006DFCDE /* Info.plist */,
			);
			name = "Supporting Files";
			sourceTree = "<group>";
		};
/* End PBXGroup section */

/* Begin PBXNativeTarget section */
		49614FD51AEF3344006DFCDE /* jsonProject */ = {
			isa = PBXNativeTarget;
			buildConfigurationList = 49614FF51AEF3344006DFCDE /* Build configuration list for PBXNativeTarget "jsonProject" */;
			buildPhases = (
				49614FD21AEF3344006DFCDE /* Sources */,
				49614FD31AEF3344006DFCDE /* Frameworks */,
				49614FD41AEF3344006DFCDE /* Resources */,
			);
			buildRules = (
			);
			dependencies = (
			);
			name = jsonProject;
			productName = jsonProject;
			productReference = 49614FD61AEF3344006DFCDE /* jsonProject.app */;
			productType = "com.apple.product-type.application";
		};
		49614FEA1AEF3344006DFCDE /* jsonProjectTests */ = {
			isa = PBXNativeTarget;
			buildConfigurationList = 49614FF81AEF3344006DFCDE /* Build configuration list for PBXNativeTarget "jsonProjectTests" */;
			buildPhases = (
				49614FE71AEF3344006DFCDE /* Sources */,
				49614FE81AEF3344006DFCDE /* Frameworks */,
				49614FE91AEF3344006DFCDE /* Resources */,
			);
			buildRules = (
			);
			dependencies = (
				49614FED1AEF3344006DFCDE /* PBXTargetDependency */,
			);
			name = jsonProjectTests;
			productName = jsonProjectTests;
			productReference = 49614FEB1AEF3344006DFCDE /* jsonProjectTests.xctest */;
			productType = "com.apple.product-type.bundle.unit-test";
		};
/* End PBXNativeTarget section */

/* Begin PBXProject section */
		49614FCE1AEF3344006DFCDE /* Project object */ = {
			isa = PBXProject;
			attributes = {
				LastUpgradeCheck = 0610;
				ORGANIZATIONNAME = MUT;
				TargetAttributes = {
					49614FD51AEF3344006DFCDE = {
						CreatedOnToolsVersion = 6.1.1;
					};
					49614FEA1AEF3344006DFCDE = {
						CreatedOnToolsVersion = 6.1.1;
						TestTargetID = 49614FD51AEF3344006DFCDE;
					};
				};
			};
			buildConfigurationList = 49614FD11AEF3344006DFCDE /* Build configuration list for PBXProject "jsonProject" */;
			compatibilityVersion = "Xcode 3.2";
			developmentRegion = English;
			hasScannedForEncodings = 0;
			knownRegions = (
				en,
				Base,
			);
			mainGroup = 49614FCD1AEF3344006DFCDE;
			productRefGroup = 49614FD71AEF3344006DFCDE /* Products */;
			projectDirPath = "";
			projectRoot = "";
			targets = (
				49614FD51AEF3344006DFCDE /* jsonProject */,
				49614FEA1AEF3344006DFCDE /* jsonProjectTests */,
			);
		};
/* End PBXProject section */

/* Begin PBXResourcesBuildPhase section */
		49614FD41AEF3344006DFCDE /* Resources */ = {
			isa = PBXResourcesBuildPhase;
			buildActionMask = 2147483647;
			files = (
				49614FE11AEF3344006DFCDE /* Main.storyboard in Resources */,
				49614FE61AEF3344006DFCDE /* LaunchScreen.xib in Resources */,
				49614FE31AEF3344006DFCDE /* Images.xcassets in Resources */,
				49614FFC1AEF41A8006DFCDE /* ist_logo.png in Resources */,
			);
			runOnlyForDeploymentPostprocessing = 0;
		};
		49614FE91AEF3344006DFCDE /* Resources */ = {
			isa = PBXResourcesBuildPhase;
			buildActionMask = 2147483647;
			files = (
			);
			runOnlyForDeploymentPostprocessing = 0;
		};
/* End PBXResourcesBuildPhase section */

/* Begin PBXSourcesBuildPhase section */
		49614FD21AEF3344006DFCDE /* Sources */ = {
			isa = PBXSourcesBuildPhase;
			buildActionMask = 2147483647;
			files = (
				49614FDE1AEF3344006DFCDE /* ViewController.swift in Sources */,
				49614FDC1AEF3344006DFCDE /* AppDelegate.swift in Sources */,
			);
			runOnlyForDeploymentPostprocessing = 0;
		};
		49614FE71AEF3344006DFCDE /* Sources */ = {
			isa = PBXSourcesBuildPhase;
			buildActionMask = 2147483647;
			files = (
				49614FF21AEF3344006DFCDE /* jsonProjectTests.swift in Sources */,
			);
			runOnlyForDeploymentPostprocessing = 0;
		};
/* End PBXSourcesBuildPhase section */

/* Begin PBXTargetDependency section */
		49614FED1AEF3344006DFCDE /* PBXTargetDependency */ = {
			isa = PBXTargetDependency;
			target = 49614FD51AEF3344006DFCDE /* jsonProject */;
			targetProxy = 49614FEC1AEF3344006DFCDE /* PBXContainerItemProxy */;
		};
/* End PBXTargetDependency section */

/* Begin PBXVariantGroup section */
		49614FDF1AEF3344006DFCDE /* Main.storyboard */ = {
			isa = PBXVariantGroup;
			children = (
				49614FE01AEF3344006DFCDE /* Base */,
			);
			name = Main.storyboard;
			sourceTree = "<group>";
		};
		49614FE41AEF3344006DFCDE /* LaunchScreen.xib */ = {
			isa = PBXVariantGroup;
			children = (
				49614FE51AEF3344006DFCDE /* Base */,
			);
			name = LaunchScreen.xib;
			sourceTree = "<group>";
		};
/* End PBXVariantGroup section */

/* Begin XCBuildConfiguration section */
		49614FF31AEF3344006DFCDE /* Debug */ = {
			isa = XCBuildConfiguration;
			buildSettings = {
				ALWAYS_SEARCH_USER_PATHS = NO;
				CLANG_CXX_LANGUAGE_STANDARD = "gnu++0x";
				CLANG_CXX_LIBRARY = "libc++";
				CLANG_ENABLE_MODULES = YES;
				CLANG_ENABLE_OBJC_ARC = YES;
				CLANG_WARN_BOOL_CONVERSION = YES;
				CLANG_WARN_CONSTANT_CONVERSION = YES;
				CLANG_WARN_DIRECT_OBJC_ISA_USAGE = YES_ERROR;
				CLANG_WARN_EMPTY_BODY = YES;
				CLANG_WARN_ENUM_CONVERSION = YES;
				CLANG_WARN_INT_CONVERSION = YES;
				CLANG_WARN_OBJC_ROOT_CLASS = YES_ERROR;
				CLANG_WARN_UNREACHABLE_CODE = YES;
				CLANG_WARN__DUPLICATE_METHOD_MATCH = YES;
				"CODE_SIGN_IDENTITY[sdk=iphoneos*]" = "iPhone Developer";
				COPY_PHASE_STRIP = NO;
				ENABLE_STRICT_OBJC_MSGSEND = YES;
				GCC_C_LANGUAGE_STANDARD = gnu99;
				GCC_DYNAMIC_NO_PIC = NO;
				GCC_OPTIMIZATION_LEVEL = 0;
				GCC_PREPROCESSOR_DEFINITIONS = (
					"DEBUG=1",
					"$(inherited)",
				);
				GCC_SYMBOLS_PRIVATE_EXTERN = NO;
				GCC_WARN_64_TO_32_BIT_CONVERSION = YES;
				GCC_WARN_ABOUT_RETURN_TYPE = YES_ERROR;
				GCC_WARN_UNDECLARED_SELECTOR = YES;
				GCC_WARN_UNINITIALIZED_AUTOS = YES_AGGRESSIVE;
				GCC_WARN_UNUSED_FUNCTION = YES;
				GCC_WARN_UNUSED_VARIABLE = YES;
				IPHONEOS_DEPLOYMENT_TARGET = 8.1;
				MTL_ENABLE_DEBUG_INFO = YES;
				ONLY_ACTIVE_ARCH = YES;
				SDKROOT = iphoneos;
				SWIFT_OPTIMIZATION_LEVEL = "-Onone";
				TARGETED_DEVICE_FAMILY = "1,2";
			};
			name = Debug;
		};
		49614FF41AEF3344006DFCDE /* Release */ = {
			isa = XCBuildConfiguration;
			buildSettings = {
				ALWAYS_SEARCH_USER_PATHS = NO;
				CLANG_CXX_LANGUAGE_STANDARD = "gnu++0x";
				CLANG_CXX_LIBRARY = "libc++";
				CLANG_ENABLE_MODULES = YES;
				CLANG_ENABLE_OBJC_ARC = YES;
				CLANG_WARN_BOOL_CONVERSION = YES;
				CLANG_WARN_CONSTANT_CONVERSION = YES;
				CLANG_WARN_DIRECT_OBJC_ISA_USAGE = YES_ERROR;
				CLANG_WARN_EMPTY_BODY = YES;
				CLANG_WARN_ENUM_CONVERSION = YES;
				CLANG_WARN_INT_CONVERSION = YES;
				CLANG_WARN_OBJC_ROOT_CLASS = YES_ERROR;
				CLANG_WARN_UNREACHABLE_CODE = YES;
				CLANG_WARN__DUPLICATE_METHOD_MATCH = YES;
				"CODE_SIGN_IDENTITY[sdk=iphoneos*]" = "iPhone Developer";
				COPY_PHASE_STRIP = YES;
				ENABLE_NS_ASSERTIONS = NO;
				ENABLE_STRICT_OBJC_MSGSEND = YES;
				GCC_C_LANGUAGE_STANDARD = gnu99;
				GCC_WARN_64_TO_32_BIT_CONVERSION = YES;
				GCC_WARN_ABOUT_RETURN_TYPE = YES_ERROR;
				GCC_WARN_UNDECLARED_SELECTOR = YES;
				GCC_WARN_UNINITIALIZED_AUTOS = YES_AGGRESSIVE;
				GCC_WARN_UNUSED_FUNCTION = YES;
				GCC_WARN_UNUSED_VARIABLE = YES;
				IPHONEOS_DEPLOYMENT_TARGET = 8.1;
				MTL_ENABLE_DEBUG_INFO = NO;
				SDKROOT = iphoneos;
				TARGETED_DEVICE_FAMILY = "1,2";
				VALIDATE_PRODUCT = YES;
			};
			name = Release;
		};
		49614FF61AEF3344006DFCDE /* Debug */ = {
			isa = XCBuildConfiguration;
			buildSettings = {
				ASSETCATALOG_COMPILER_APPICON_NAME = AppIcon;
				INFOPLIST_FILE = jsonProject/Info.plist;
				LD_RUNPATH_SEARCH_PATHS = "$(inherited) @executable_path/Frameworks";
				PRODUCT_NAME = "$(TARGET_NAME)";
			};
			name = Debug;
		};
		49614FF71AEF3344006DFCDE /* Release */ = {
			isa = XCBuildConfiguration;
			buildSettings = {
				ASSETCATALOG_COMPILER_APPICON_NAME = AppIcon;
				INFOPLIST_FILE = jsonProject/Info.plist;
				LD_RUNPATH_SEARCH_PATHS = "$(inherited) @executable_path/Frameworks";
				PRODUCT_NAME = "$(TARGET_NAME)";
			};
			name = Release;
		};
		49614FF91AEF3344006DFCDE /* Debug */ = {
			isa = XCBuildConfiguration;
			buildSettings = {
				BUNDLE_LOADER = "$(TEST_HOST)";
				FRAMEWORK_SEARCH_PATHS = (
					"$(SDKROOT)/Developer/Library/Frameworks",
					"$(inherited)",
				);
				GCC_PREPROCESSOR_DEFINITIONS = (
					"DEBUG=1",
					"$(inherited)",
				);
				INFOPLIST_FILE = jsonProjectTests/Info.plist;
				LD_RUNPATH_SEARCH_PATHS = "$(inherited) @executable_path/Frameworks @loader_path/Frameworks";
				PRODUCT_NAME = "$(TARGET_NAME)";
				TEST_HOST = "$(BUILT_PRODUCTS_DIR)/jsonProject.app/jsonProject";
			};
			name = Debug;
		};
		49614FFA1AEF3344006DFCDE /* Release */ = {
			isa = XCBuildConfiguration;
			buildSettings = {
				BUNDLE_LOADER = "$(TEST_HOST)";
				FRAMEWORK_SEARCH_PATHS = (
					"$(SDKROOT)/Developer/Library/Frameworks",
					"$(inherited)",
				);
				INFOPLIST_FILE = jsonProjectTests/Info.plist;
				LD_RUNPATH_SEARCH_PATHS = "$(inherited) @executable_path/Frameworks @loader_path/Frameworks";
				PRODUCT_NAME = "$(TARGET_NAME)";
				TEST_HOST = "$(BUILT_PRODUCTS_DIR)/jsonProject.app/jsonProject";
			};
			name = Release;
		};
/* End XCBuildConfiguration section */

/* Begin XCConfigurationList section */
		49614FD11AEF3344006DFCDE /* Build configuration list for PBXProject "jsonProject" */ = {
			isa = XCConfigurationList;
			buildConfigurations = (
				49614FF31AEF3344006DFCDE /* Debug */,
				49614FF41AEF3344006DFCDE /* Release */,
			);
			defaultConfigurationIsVisible = 0;
			defaultConfigurationName = Release;
		};
		49614FF51AEF3344006DFCDE /* Build configuration list for PBXNativeTarget "jsonProject" */ = {
			isa = XCConfigurationList;
			buildConfigurations = (
				49614FF61AEF3344006DFCDE /* Debug */,
				49614FF71AEF3344006DFCDE /* Release */,
			);
			defaultConfigurationIsVisible = 0;
		};
		49614FF81AEF3344006DFCDE /* Build configuration list for PBXNativeTarget "jsonProjectTests" */ = {
			isa = XCConfigurationList;
			buildConfigurations = (
				49614FF91AEF3344006DFCDE /* Debug */,
				49614FFA1AEF3344006DFCDE /* Release */,
			);
			defaultConfigurationIsVisible = 0;
		};
/* End XCConfigurationList section */
	};
	rootObject = 49614FCE1AEF3344006DFCDE /* Project object */;
}
